// !$*UTF8*$!
{
	archiveVersion = 1;
	classes = {
	};
	objectVersion = 46;
	objects = {

/* Begin PBXBuildFile section */
		189C894916F14B100081103B /* Back_btn.png in Resources */ = {isa = PBXBuildFile; fileRef = 189C893E16F14B100081103B /* Back_btn.png */; };
		189C894A16F14B100081103B /* Back_btn.png in Resources */ = {isa = PBXBuildFile; fileRef = 189C893E16F14B100081103B /* Back_btn.png */; };
		189C894B16F14B100081103B /* badge.png in Resources */ = {isa = PBXBuildFile; fileRef = 189C893F16F14B100081103B /* badge.png */; };
		189C894C16F14B100081103B /* badge.png in Resources */ = {isa = PBXBuildFile; fileRef = 189C893F16F14B100081103B /* badge.png */; };
		189C894D16F14B100081103B /* bar.jpg in Resources */ = {isa = PBXBuildFile; fileRef = 189C894016F14B100081103B /* bar.jpg */; };
		189C894E16F14B100081103B /* bar.jpg in Resources */ = {isa = PBXBuildFile; fileRef = 189C894016F14B100081103B /* bar.jpg */; };
		189C894F16F14B100081103B /* bg.jpg in Resources */ = {isa = PBXBuildFile; fileRef = 189C894116F14B100081103B /* bg.jpg */; };
		189C895016F14B100081103B /* bg.jpg in Resources */ = {isa = PBXBuildFile; fileRef = 189C894116F14B100081103B /* bg.jpg */; };
		189C895116F14B100081103B /* hint_Btn.png in Resources */ = {isa = PBXBuildFile; fileRef = 189C894216F14B100081103B /* hint_Btn.png */; };
		189C895216F14B100081103B /* hint_Btn.png in Resources */ = {isa = PBXBuildFile; fileRef = 189C894216F14B100081103B /* hint_Btn.png */; };
		189C895316F14B100081103B /* kesigomu_Btn.png in Resources */ = {isa = PBXBuildFile; fileRef = 189C894316F14B100081103B /* kesigomu_Btn.png */; };
		189C895416F14B100081103B /* kesigomu_Btn.png in Resources */ = {isa = PBXBuildFile; fileRef = 189C894316F14B100081103B /* kesigomu_Btn.png */; };
		189C895516F14B100081103B /* money_Btn.png in Resources */ = {isa = PBXBuildFile; fileRef = 189C894416F14B100081103B /* money_Btn.png */; };
		189C895616F14B100081103B /* money_Btn.png in Resources */ = {isa = PBXBuildFile; fileRef = 189C894416F14B100081103B /* money_Btn.png */; };
		189C895716F14B100081103B /* num_Bg01.png in Resources */ = {isa = PBXBuildFile; fileRef = 189C894516F14B100081103B /* num_Bg01.png */; };
		189C895816F14B100081103B /* num_Bg01.png in Resources */ = {isa = PBXBuildFile; fileRef = 189C894516F14B100081103B /* num_Bg01.png */; };
		189C895916F14B100081103B /* num_Bg02.png in Resources */ = {isa = PBXBuildFile; fileRef = 189C894616F14B100081103B /* num_Bg02.png */; };
		189C895A16F14B100081103B /* num_Bg02.png in Resources */ = {isa = PBXBuildFile; fileRef = 189C894616F14B100081103B /* num_Bg02.png */; };
		189C895B16F14B100081103B /* number_bar.png in Resources */ = {isa = PBXBuildFile; fileRef = 189C894716F14B100081103B /* number_bar.png */; };
		189C895C16F14B100081103B /* number_bar.png in Resources */ = {isa = PBXBuildFile; fileRef = 189C894716F14B100081103B /* number_bar.png */; };
		189C895D16F14B100081103B /* play_Btn.png in Resources */ = {isa = PBXBuildFile; fileRef = 189C894816F14B100081103B /* play_Btn.png */; };
		189C895E16F14B100081103B /* play_Btn.png in Resources */ = {isa = PBXBuildFile; fileRef = 189C894816F14B100081103B /* play_Btn.png */; };
		189C896016F14F2D0081103B /* bar@2x.jpg in Resources */ = {isa = PBXBuildFile; fileRef = 189C895F16F14F2D0081103B /* bar@2x.jpg */; };
		189C896116F14F2D0081103B /* bar@2x.jpg in Resources */ = {isa = PBXBuildFile; fileRef = 189C895F16F14F2D0081103B /* bar@2x.jpg */; };
		189C896B16F173590081103B /* word.json in Resources */ = {isa = PBXBuildFile; fileRef = 189C896A16F173590081103B /* word.json */; };
		189C896C16F173590081103B /* word.json in Resources */ = {isa = PBXBuildFile; fileRef = 189C896A16F173590081103B /* word.json */; };
		189C898816F173E00081103B /* NSObject+SBJson.m in Sources */ = {isa = PBXBuildFile; fileRef = 189C897016F173E00081103B /* NSObject+SBJson.m */; };
		189C898916F173E00081103B /* NSObject+SBJson.m in Sources */ = {isa = PBXBuildFile; fileRef = 189C897016F173E00081103B /* NSObject+SBJson.m */; };
		189C898A16F173E00081103B /* SBJsonParser.m in Sources */ = {isa = PBXBuildFile; fileRef = 189C897316F173E00081103B /* SBJsonParser.m */; };
		189C898B16F173E00081103B /* SBJsonParser.m in Sources */ = {isa = PBXBuildFile; fileRef = 189C897316F173E00081103B /* SBJsonParser.m */; };
		189C898C16F173E00081103B /* SBJsonStreamParser.m in Sources */ = {isa = PBXBuildFile; fileRef = 189C897516F173E00081103B /* SBJsonStreamParser.m */; };
		189C898D16F173E00081103B /* SBJsonStreamParser.m in Sources */ = {isa = PBXBuildFile; fileRef = 189C897516F173E00081103B /* SBJsonStreamParser.m */; };
		189C898E16F173E00081103B /* SBJsonStreamParserAccumulator.m in Sources */ = {isa = PBXBuildFile; fileRef = 189C897716F173E00081103B /* SBJsonStreamParserAccumulator.m */; };
		189C898F16F173E00081103B /* SBJsonStreamParserAccumulator.m in Sources */ = {isa = PBXBuildFile; fileRef = 189C897716F173E00081103B /* SBJsonStreamParserAccumulator.m */; };
		189C899016F173E00081103B /* SBJsonStreamParserAdapter.m in Sources */ = {isa = PBXBuildFile; fileRef = 189C897916F173E00081103B /* SBJsonStreamParserAdapter.m */; };
		189C899116F173E00081103B /* SBJsonStreamParserAdapter.m in Sources */ = {isa = PBXBuildFile; fileRef = 189C897916F173E00081103B /* SBJsonStreamParserAdapter.m */; };
		189C899216F173E00081103B /* SBJsonStreamParserState.m in Sources */ = {isa = PBXBuildFile; fileRef = 189C897B16F173E00081103B /* SBJsonStreamParserState.m */; };
		189C899316F173E00081103B /* SBJsonStreamParserState.m in Sources */ = {isa = PBXBuildFile; fileRef = 189C897B16F173E00081103B /* SBJsonStreamParserState.m */; };
		189C899416F173E00081103B /* SBJsonStreamWriter.m in Sources */ = {isa = PBXBuildFile; fileRef = 189C897D16F173E00081103B /* SBJsonStreamWriter.m */; };
		189C899516F173E00081103B /* SBJsonStreamWriter.m in Sources */ = {isa = PBXBuildFile; fileRef = 189C897D16F173E00081103B /* SBJsonStreamWriter.m */; };
		189C899616F173E00081103B /* SBJsonStreamWriterAccumulator.m in Sources */ = {isa = PBXBuildFile; fileRef = 189C897F16F173E00081103B /* SBJsonStreamWriterAccumulator.m */; };
		189C899716F173E00081103B /* SBJsonStreamWriterAccumulator.m in Sources */ = {isa = PBXBuildFile; fileRef = 189C897F16F173E00081103B /* SBJsonStreamWriterAccumulator.m */; };
		189C899816F173E00081103B /* SBJsonStreamWriterState.m in Sources */ = {isa = PBXBuildFile; fileRef = 189C898116F173E00081103B /* SBJsonStreamWriterState.m */; };
		189C899916F173E00081103B /* SBJsonStreamWriterState.m in Sources */ = {isa = PBXBuildFile; fileRef = 189C898116F173E00081103B /* SBJsonStreamWriterState.m */; };
		189C899A16F173E00081103B /* SBJsonTokeniser.m in Sources */ = {isa = PBXBuildFile; fileRef = 189C898316F173E00081103B /* SBJsonTokeniser.m */; };
		189C899B16F173E00081103B /* SBJsonTokeniser.m in Sources */ = {isa = PBXBuildFile; fileRef = 189C898316F173E00081103B /* SBJsonTokeniser.m */; };
		189C899C16F173E00081103B /* SBJsonUTF8Stream.m in Sources */ = {isa = PBXBuildFile; fileRef = 189C898516F173E00081103B /* SBJsonUTF8Stream.m */; };
		189C899D16F173E00081103B /* SBJsonUTF8Stream.m in Sources */ = {isa = PBXBuildFile; fileRef = 189C898516F173E00081103B /* SBJsonUTF8Stream.m */; };
		189C899E16F173E00081103B /* SBJsonWriter.m in Sources */ = {isa = PBXBuildFile; fileRef = 189C898716F173E00081103B /* SBJsonWriter.m */; };
		189C899F16F173E00081103B /* SBJsonWriter.m in Sources */ = {isa = PBXBuildFile; fileRef = 189C898716F173E00081103B /* SBJsonWriter.m */; };
		189C89A916F1B08D0081103B /* 1_1.png in Resources */ = {isa = PBXBuildFile; fileRef = 189C89A116F1B08D0081103B /* 1_1.png */; };
		189C89AA16F1B08D0081103B /* 1_1.png in Resources */ = {isa = PBXBuildFile; fileRef = 189C89A116F1B08D0081103B /* 1_1.png */; };
		189C89AB16F1B08D0081103B /* 1_2.png in Resources */ = {isa = PBXBuildFile; fileRef = 189C89A216F1B08D0081103B /* 1_2.png */; };
		189C89AC16F1B08D0081103B /* 1_2.png in Resources */ = {isa = PBXBuildFile; fileRef = 189C89A216F1B08D0081103B /* 1_2.png */; };
		189C89AD16F1B08D0081103B /* 1_3.png in Resources */ = {isa = PBXBuildFile; fileRef = 189C89A316F1B08D0081103B /* 1_3.png */; };
		189C89AE16F1B08D0081103B /* 1_3.png in Resources */ = {isa = PBXBuildFile; fileRef = 189C89A316F1B08D0081103B /* 1_3.png */; };
		189C89AF16F1B08D0081103B /* 1_4.png in Resources */ = {isa = PBXBuildFile; fileRef = 189C89A416F1B08D0081103B /* 1_4.png */; };
		189C89B016F1B08D0081103B /* 1_4.png in Resources */ = {isa = PBXBuildFile; fileRef = 189C89A416F1B08D0081103B /* 1_4.png */; };
		189C89B116F1B08D0081103B /* 5_1.png in Resources */ = {isa = PBXBuildFile; fileRef = 189C89A516F1B08D0081103B /* 5_1.png */; };
		189C89B216F1B08D0081103B /* 5_1.png in Resources */ = {isa = PBXBuildFile; fileRef = 189C89A516F1B08D0081103B /* 5_1.png */; };
		189C89B316F1B08D0081103B /* 5_2.png in Resources */ = {isa = PBXBuildFile; fileRef = 189C89A616F1B08D0081103B /* 5_2.png */; };
		189C89B416F1B08D0081103B /* 5_2.png in Resources */ = {isa = PBXBuildFile; fileRef = 189C89A616F1B08D0081103B /* 5_2.png */; };
		189C89B516F1B08D0081103B /* 5_3.png in Resources */ = {isa = PBXBuildFile; fileRef = 189C89A716F1B08D0081103B /* 5_3.png */; };
		189C89B616F1B08D0081103B /* 5_3.png in Resources */ = {isa = PBXBuildFile; fileRef = 189C89A716F1B08D0081103B /* 5_3.png */; };
		189C89B716F1B08D0081103B /* 5_4.png in Resources */ = {isa = PBXBuildFile; fileRef = 189C89A816F1B08D0081103B /* 5_4.png */; };
		189C89B816F1B08D0081103B /* 5_4.png in Resources */ = {isa = PBXBuildFile; fileRef = 189C89A816F1B08D0081103B /* 5_4.png */; };
		18DF06EE16EF5EDC0049B1B6 /* UIKit.framework in Frameworks */ = {isa = PBXBuildFile; fileRef = 18DF06ED16EF5EDC0049B1B6 /* UIKit.framework */; };
		18DF06F016EF5EDC0049B1B6 /* Foundation.framework in Frameworks */ = {isa = PBXBuildFile; fileRef = 18DF06EF16EF5EDC0049B1B6 /* Foundation.framework */; };
		18DF06F216EF5EDC0049B1B6 /* CoreGraphics.framework in Frameworks */ = {isa = PBXBuildFile; fileRef = 18DF06F116EF5EDC0049B1B6 /* CoreGraphics.framework */; };
		18DF06F816EF5EDC0049B1B6 /* InfoPlist.strings in Resources */ = {isa = PBXBuildFile; fileRef = 18DF06F616EF5EDC0049B1B6 /* InfoPlist.strings */; };
		18DF06FA16EF5EDC0049B1B6 /* main.m in Sources */ = {isa = PBXBuildFile; fileRef = 18DF06F916EF5EDC0049B1B6 /* main.m */; };
		18DF06FE16EF5EDC0049B1B6 /* WAAppDelegate.m in Sources */ = {isa = PBXBuildFile; fileRef = 18DF06FD16EF5EDC0049B1B6 /* WAAppDelegate.m */; };
		18DF070016EF5EDC0049B1B6 /* Default.png in Resources */ = {isa = PBXBuildFile; fileRef = 18DF06FF16EF5EDC0049B1B6 /* Default.png */; };
		18DF070216EF5EDC0049B1B6 /* Default@2x.png in Resources */ = {isa = PBXBuildFile; fileRef = 18DF070116EF5EDC0049B1B6 /* Default@2x.png */; };
		18DF070416EF5EDC0049B1B6 /* Default-568h@2x.png in Resources */ = {isa = PBXBuildFile; fileRef = 18DF070316EF5EDC0049B1B6 /* Default-568h@2x.png */; };
		18DF071816EF5EDD0049B1B6 /* SenTestingKit.framework in Frameworks */ = {isa = PBXBuildFile; fileRef = 18DF071716EF5EDD0049B1B6 /* SenTestingKit.framework */; };
		18DF071916EF5EDD0049B1B6 /* UIKit.framework in Frameworks */ = {isa = PBXBuildFile; fileRef = 18DF06ED16EF5EDC0049B1B6 /* UIKit.framework */; };
		18DF071A16EF5EDD0049B1B6 /* Foundation.framework in Frameworks */ = {isa = PBXBuildFile; fileRef = 18DF06EF16EF5EDC0049B1B6 /* Foundation.framework */; };
		18DF072216EF5EDD0049B1B6 /* InfoPlist.strings in Resources */ = {isa = PBXBuildFile; fileRef = 18DF072016EF5EDD0049B1B6 /* InfoPlist.strings */; };
		18DF072516EF5EDD0049B1B6 /* wordAssociationTests.m in Sources */ = {isa = PBXBuildFile; fileRef = 18DF072416EF5EDD0049B1B6 /* wordAssociationTests.m */; };
		18DF073016EF5F8E0049B1B6 /* HomeViewController.m in Sources */ = {isa = PBXBuildFile; fileRef = 18DF072F16EF5F8E0049B1B6 /* HomeViewController.m */; };
		18DF073316EF61300049B1B6 /* GameViewController.m in Sources */ = {isa = PBXBuildFile; fileRef = 18DF073216EF61300049B1B6 /* GameViewController.m */; };
/* End PBXBuildFile section */

/* Begin PBXContainerItemProxy section */
		18DF071B16EF5EDD0049B1B6 /* PBXContainerItemProxy */ = {
			isa = PBXContainerItemProxy;
			containerPortal = 18DF06E216EF5EDC0049B1B6 /* Project object */;
			proxyType = 1;
			remoteGlobalIDString = 18DF06E916EF5EDC0049B1B6;
			remoteInfo = wordAssociation;
		};
/* End PBXContainerItemProxy section */

/* Begin PBXFileReference section */
		189C893E16F14B100081103B /* Back_btn.png */ = {isa = PBXFileReference; lastKnownFileType = image.png; path = Back_btn.png; sourceTree = "<group>"; };
		189C893F16F14B100081103B /* badge.png */ = {isa = PBXFileReference; lastKnownFileType = image.png; path = badge.png; sourceTree = "<group>"; };
		189C894016F14B100081103B /* bar.jpg */ = {isa = PBXFileReference; lastKnownFileType = image.jpeg; path = bar.jpg; sourceTree = "<group>"; };
		189C894116F14B100081103B /* bg.jpg */ = {isa = PBXFileReference; lastKnownFileType = image.jpeg; path = bg.jpg; sourceTree = "<group>"; };
		189C894216F14B100081103B /* hint_Btn.png */ = {isa = PBXFileReference; lastKnownFileType = image.png; path = hint_Btn.png; sourceTree = "<group>"; };
		189C894316F14B100081103B /* kesigomu_Btn.png */ = {isa = PBXFileReference; lastKnownFileType = image.png; path = kesigomu_Btn.png; sourceTree = "<group>"; };
		189C894416F14B100081103B /* money_Btn.png */ = {isa = PBXFileReference; lastKnownFileType = image.png; path = money_Btn.png; sourceTree = "<group>"; };
		189C894516F14B100081103B /* num_Bg01.png */ = {isa = PBXFileReference; lastKnownFileType = image.png; path = num_Bg01.png; sourceTree = "<group>"; };
		189C894616F14B100081103B /* num_Bg02.png */ = {isa = PBXFileReference; lastKnownFileType = image.png; path = num_Bg02.png; sourceTree = "<group>"; };
		189C894716F14B100081103B /* number_bar.png */ = {isa = PBXFileReference; lastKnownFileType = image.png; path = number_bar.png; sourceTree = "<group>"; };
		189C894816F14B100081103B /* play_Btn.png */ = {isa = PBXFileReference; lastKnownFileType = image.png; path = play_Btn.png; sourceTree = "<group>"; };
		189C895F16F14F2D0081103B /* bar@2x.jpg */ = {isa = PBXFileReference; lastKnownFileType = image.jpeg; path = "bar@2x.jpg"; sourceTree = "<group>"; };
		189C896A16F173590081103B /* word.json */ = {isa = PBXFileReference; fileEncoding = 4; lastKnownFileType = text.json; path = word.json; sourceTree = "<group>"; };
		189C896F16F173E00081103B /* NSObject+SBJson.h */ = {isa = PBXFileReference; fileEncoding = 4; lastKnownFileType = sourcecode.c.h; path = "NSObject+SBJson.h"; sourceTree = "<group>"; };
		189C897016F173E00081103B /* NSObject+SBJson.m */ = {isa = PBXFileReference; fileEncoding = 4; lastKnownFileType = sourcecode.c.objc; path = "NSObject+SBJson.m"; sourceTree = "<group>"; };
		189C897116F173E00081103B /* SBJson.h */ = {isa = PBXFileReference; fileEncoding = 4; lastKnownFileType = sourcecode.c.h; path = SBJson.h; sourceTree = "<group>"; };
		189C897216F173E00081103B /* SBJsonParser.h */ = {isa = PBXFileReference; fileEncoding = 4; lastKnownFileType = sourcecode.c.h; path = SBJsonParser.h; sourceTree = "<group>"; };
		189C897316F173E00081103B /* SBJsonParser.m */ = {isa = PBXFileReference; fileEncoding = 4; lastKnownFileType = sourcecode.c.objc; path = SBJsonParser.m; sourceTree = "<group>"; };
		189C897416F173E00081103B /* SBJsonStreamParser.h */ = {isa = PBXFileReference; fileEncoding = 4; lastKnownFileType = sourcecode.c.h; path = SBJsonStreamParser.h; sourceTree = "<group>"; };
		189C897516F173E00081103B /* SBJsonStreamParser.m */ = {isa = PBXFileReference; fileEncoding = 4; lastKnownFileType = sourcecode.c.objc; path = SBJsonStreamParser.m; sourceTree = "<group>"; };
		189C897616F173E00081103B /* SBJsonStreamParserAccumulator.h */ = {isa = PBXFileReference; fileEncoding = 4; lastKnownFileType = sourcecode.c.h; path = SBJsonStreamParserAccumulator.h; sourceTree = "<group>"; };
		189C897716F173E00081103B /* SBJsonStreamParserAccumulator.m */ = {isa = PBXFileReference; fileEncoding = 4; lastKnownFileType = sourcecode.c.objc; path = SBJsonStreamParserAccumulator.m; sourceTree = "<group>"; };
		189C897816F173E00081103B /* SBJsonStreamParserAdapter.h */ = {isa = PBXFileReference; fileEncoding = 4; lastKnownFileType = sourcecode.c.h; path = SBJsonStreamParserAdapter.h; sourceTree = "<group>"; };
		189C897916F173E00081103B /* SBJsonStreamParserAdapter.m */ = {isa = PBXFileReference; fileEncoding = 4; lastKnownFileType = sourcecode.c.objc; path = SBJsonStreamParserAdapter.m; sourceTree = "<group>"; };
		189C897A16F173E00081103B /* SBJsonStreamParserState.h */ = {isa = PBXFileReference; fileEncoding = 4; lastKnownFileType = sourcecode.c.h; path = SBJsonStreamParserState.h; sourceTree = "<group>"; };
		189C897B16F173E00081103B /* SBJsonStreamParserState.m */ = {isa = PBXFileReference; fileEncoding = 4; lastKnownFileType = sourcecode.c.objc; path = SBJsonStreamParserState.m; sourceTree = "<group>"; };
		189C897C16F173E00081103B /* SBJsonStreamWriter.h */ = {isa = PBXFileReference; fileEncoding = 4; lastKnownFileType = sourcecode.c.h; path = SBJsonStreamWriter.h; sourceTree = "<group>"; };
		189C897D16F173E00081103B /* SBJsonStreamWriter.m */ = {isa = PBXFileReference; fileEncoding = 4; lastKnownFileType = sourcecode.c.objc; path = SBJsonStreamWriter.m; sourceTree = "<group>"; };
		189C897E16F173E00081103B /* SBJsonStreamWriterAccumulator.h */ = {isa = PBXFileReference; fileEncoding = 4; lastKnownFileType = sourcecode.c.h; path = SBJsonStreamWriterAccumulator.h; sourceTree = "<group>"; };
		189C897F16F173E00081103B /* SBJsonStreamWriterAccumulator.m */ = {isa = PBXFileReference; fileEncoding = 4; lastKnownFileType = sourcecode.c.objc; path = SBJsonStreamWriterAccumulator.m; sourceTree = "<group>"; };
		189C898016F173E00081103B /* SBJsonStreamWriterState.h */ = {isa = PBXFileReference; fileEncoding = 4; lastKnownFileType = sourcecode.c.h; path = SBJsonStreamWriterState.h; sourceTree = "<group>"; };
		189C898116F173E00081103B /* SBJsonStreamWriterState.m */ = {isa = PBXFileReference; fileEncoding = 4; lastKnownFileType = sourcecode.c.objc; path = SBJsonStreamWriterState.m; sourceTree = "<group>"; };
		189C898216F173E00081103B /* SBJsonTokeniser.h */ = {isa = PBXFileReference; fileEncoding = 4; lastKnownFileType = sourcecode.c.h; path = SBJsonTokeniser.h; sourceTree = "<group>"; };
		189C898316F173E00081103B /* SBJsonTokeniser.m */ = {isa = PBXFileReference; fileEncoding = 4; lastKnownFileType = sourcecode.c.objc; path = SBJsonTokeniser.m; sourceTree = "<group>"; };
		189C898416F173E00081103B /* SBJsonUTF8Stream.h */ = {isa = PBXFileReference; fileEncoding = 4; lastKnownFileType = sourcecode.c.h; path = SBJsonUTF8Stream.h; sourceTree = "<group>"; };
		189C898516F173E00081103B /* SBJsonUTF8Stream.m */ = {isa = PBXFileReference; fileEncoding = 4; lastKnownFileType = sourcecode.c.objc; path = SBJsonUTF8Stream.m; sourceTree = "<group>"; };
		189C898616F173E00081103B /* SBJsonWriter.h */ = {isa = PBXFileReference; fileEncoding = 4; lastKnownFileType = sourcecode.c.h; path = SBJsonWriter.h; sourceTree = "<group>"; };
		189C898716F173E00081103B /* SBJsonWriter.m */ = {isa = PBXFileReference; fileEncoding = 4; lastKnownFileType = sourcecode.c.objc; path = SBJsonWriter.m; sourceTree = "<group>"; };
		189C89A116F1B08D0081103B /* 1_1.png */ = {isa = PBXFileReference; lastKnownFileType = image.png; path = 1_1.png; sourceTree = "<group>"; };
		189C89A216F1B08D0081103B /* 1_2.png */ = {isa = PBXFileReference; lastKnownFileType = image.png; path = 1_2.png; sourceTree = "<group>"; };
		189C89A316F1B08D0081103B /* 1_3.png */ = {isa = PBXFileReference; lastKnownFileType = image.png; path = 1_3.png; sourceTree = "<group>"; };
		189C89A416F1B08D0081103B /* 1_4.png */ = {isa = PBXFileReference; lastKnownFileType = image.png; path = 1_4.png; sourceTree = "<group>"; };
		189C89A516F1B08D0081103B /* 5_1.png */ = {isa = PBXFileReference; lastKnownFileType = image.png; path = 5_1.png; sourceTree = "<group>"; };
		189C89A616F1B08D0081103B /* 5_2.png */ = {isa = PBXFileReference; lastKnownFileType = image.png; path = 5_2.png; sourceTree = "<group>"; };
		189C89A716F1B08D0081103B /* 5_3.png */ = {isa = PBXFileReference; lastKnownFileType = image.png; path = 5_3.png; sourceTree = "<group>"; };
		189C89A816F1B08D0081103B /* 5_4.png */ = {isa = PBXFileReference; lastKnownFileType = image.png; path = 5_4.png; sourceTree = "<group>"; };
		18DF06EA16EF5EDC0049B1B6 /* wordAssociation.app */ = {isa = PBXFileReference; explicitFileType = wrapper.application; includeInIndex = 0; path = wordAssociation.app; sourceTree = BUILT_PRODUCTS_DIR; };
		18DF06ED16EF5EDC0049B1B6 /* UIKit.framework */ = {isa = PBXFileReference; lastKnownFileType = wrapper.framework; name = UIKit.framework; path = System/Library/Frameworks/UIKit.framework; sourceTree = SDKROOT; };
		18DF06EF16EF5EDC0049B1B6 /* Foundation.framework */ = {isa = PBXFileReference; lastKnownFileType = wrapper.framework; name = Foundation.framework; path = System/Library/Frameworks/Foundation.framework; sourceTree = SDKROOT; };
		18DF06F116EF5EDC0049B1B6 /* CoreGraphics.framework */ = {isa = PBXFileReference; lastKnownFileType = wrapper.framework; name = CoreGraphics.framework; path = System/Library/Frameworks/CoreGraphics.framework; sourceTree = SDKROOT; };
		18DF06F516EF5EDC0049B1B6 /* wordAssociation-Info.plist */ = {isa = PBXFileReference; lastKnownFileType = text.plist.xml; path = "wordAssociation-Info.plist"; sourceTree = "<group>"; };
		18DF06F716EF5EDC0049B1B6 /* en */ = {isa = PBXFileReference; lastKnownFileType = text.plist.strings; name = en; path = en.lproj/InfoPlist.strings; sourceTree = "<group>"; };
		18DF06F916EF5EDC0049B1B6 /* main.m */ = {isa = PBXFileReference; lastKnownFileType = sourcecode.c.objc; path = main.m; sourceTree = "<group>"; };
		18DF06FB16EF5EDC0049B1B6 /* wordAssociation-Prefix.pch */ = {isa = PBXFileReference; lastKnownFileType = sourcecode.c.h; path = "wordAssociation-Prefix.pch"; sourceTree = "<group>"; };
		18DF06FC16EF5EDC0049B1B6 /* WAAppDelegate.h */ = {isa = PBXFileReference; lastKnownFileType = sourcecode.c.h; path = WAAppDelegate.h; sourceTree = "<group>"; };
		18DF06FD16EF5EDC0049B1B6 /* WAAppDelegate.m */ = {isa = PBXFileReference; lastKnownFileType = sourcecode.c.objc; path = WAAppDelegate.m; sourceTree = "<group>"; };
		18DF06FF16EF5EDC0049B1B6 /* Default.png */ = {isa = PBXFileReference; lastKnownFileType = image.png; path = Default.png; sourceTree = "<group>"; };
		18DF070116EF5EDC0049B1B6 /* Default@2x.png */ = {isa = PBXFileReference; lastKnownFileType = image.png; path = "Default@2x.png"; sourceTree = "<group>"; };
		18DF070316EF5EDC0049B1B6 /* Default-568h@2x.png */ = {isa = PBXFileReference; lastKnownFileType = image.png; path = "Default-568h@2x.png"; sourceTree = "<group>"; };
		18DF071616EF5EDD0049B1B6 /* wordAssociationTests.octest */ = {isa = PBXFileReference; explicitFileType = wrapper.cfbundle; includeInIndex = 0; path = wordAssociationTests.octest; sourceTree = BUILT_PRODUCTS_DIR; };
		18DF071716EF5EDD0049B1B6 /* SenTestingKit.framework */ = {isa = PBXFileReference; lastKnownFileType = wrapper.framework; name = SenTestingKit.framework; path = Library/Frameworks/SenTestingKit.framework; sourceTree = DEVELOPER_DIR; };
		18DF071F16EF5EDD0049B1B6 /* wordAssociationTests-Info.plist */ = {isa = PBXFileReference; lastKnownFileType = text.plist.xml; path = "wordAssociationTests-Info.plist"; sourceTree = "<group>"; };
		18DF072116EF5EDD0049B1B6 /* en */ = {isa = PBXFileReference; lastKnownFileType = text.plist.strings; name = en; path = en.lproj/InfoPlist.strings; sourceTree = "<group>"; };
		18DF072316EF5EDD0049B1B6 /* wordAssociationTests.h */ = {isa = PBXFileReference; lastKnownFileType = sourcecode.c.h; path = wordAssociationTests.h; sourceTree = "<group>"; };
		18DF072416EF5EDD0049B1B6 /* wordAssociationTests.m */ = {isa = PBXFileReference; lastKnownFileType = sourcecode.c.objc; path = wordAssociationTests.m; sourceTree = "<group>"; };
		18DF072E16EF5F8E0049B1B6 /* HomeViewController.h */ = {isa = PBXFileReference; fileEncoding = 4; lastKnownFileType = sourcecode.c.h; path = HomeViewController.h; sourceTree = "<group>"; };
		18DF072F16EF5F8E0049B1B6 /* HomeViewController.m */ = {isa = PBXFileReference; fileEncoding = 4; lastKnownFileType = sourcecode.c.objc; path = HomeViewController.m; sourceTree = "<group>"; };
		18DF073116EF61300049B1B6 /* GameViewController.h */ = {isa = PBXFileReference; fileEncoding = 4; lastKnownFileType = sourcecode.c.h; path = GameViewController.h; sourceTree = "<group>"; };
		18DF073216EF61300049B1B6 /* GameViewController.m */ = {isa = PBXFileReference; fileEncoding = 4; lastKnownFileType = sourcecode.c.objc; path = GameViewController.m; sourceTree = "<group>"; };
/* End PBXFileReference section */

/* Begin PBXFrameworksBuildPhase section */
		18DF06E716EF5EDC0049B1B6 /* Frameworks */ = {
			isa = PBXFrameworksBuildPhase;
			buildActionMask = 2147483647;
			files = (
				18DF06EE16EF5EDC0049B1B6 /* UIKit.framework in Frameworks */,
				18DF06F016EF5EDC0049B1B6 /* Foundation.framework in Frameworks */,
				18DF06F216EF5EDC0049B1B6 /* CoreGraphics.framework in Frameworks */,
			);
			runOnlyForDeploymentPostprocessing = 0;
		};
		18DF071216EF5EDD0049B1B6 /* Frameworks */ = {
			isa = PBXFrameworksBuildPhase;
			buildActionMask = 2147483647;
			files = (
				18DF071816EF5EDD0049B1B6 /* SenTestingKit.framework in Frameworks */,
				18DF071916EF5EDD0049B1B6 /* UIKit.framework in Frameworks */,
				18DF071A16EF5EDD0049B1B6 /* Foundation.framework in Frameworks */,
			);
			runOnlyForDeploymentPostprocessing = 0;
		};
/* End PBXFrameworksBuildPhase section */

/* Begin PBXGroup section */
		189C893C16F14B100081103B /* Resources */ = {
			isa = PBXGroup;
			children = (
				189C89A016F1B08D0081103B /* pictures */,
				189C896A16F173590081103B /* word.json */,
				189C893D16F14B100081103B /* iamges */,
			);
			path = Resources;
			sourceTree = "<group>";
		};
		189C893D16F14B100081103B /* iamges */ = {
			isa = PBXGroup;
			children = (
				189C893E16F14B100081103B /* Back_btn.png */,
				189C893F16F14B100081103B /* badge.png */,
				189C894016F14B100081103B /* bar.jpg */,
				189C895F16F14F2D0081103B /* bar@2x.jpg */,
				189C894116F14B100081103B /* bg.jpg */,
				189C894216F14B100081103B /* hint_Btn.png */,
				189C894316F14B100081103B /* kesigomu_Btn.png */,
				189C894416F14B100081103B /* money_Btn.png */,
				189C894516F14B100081103B /* num_Bg01.png */,
				189C894616F14B100081103B /* num_Bg02.png */,
				189C894716F14B100081103B /* number_bar.png */,
				189C894816F14B100081103B /* play_Btn.png */,
			);
			path = iamges;
			sourceTree = "<group>";
		};
		189C896D16F173E00081103B /* lib */ = {
			isa = PBXGroup;
			children = (
				189C896E16F173E00081103B /* SBJson */,
			);
			path = lib;
			sourceTree = "<group>";
		};
		189C896E16F173E00081103B /* SBJson */ = {
			isa = PBXGroup;
			children = (
				189C896F16F173E00081103B /* NSObject+SBJson.h */,
				189C897016F173E00081103B /* NSObject+SBJson.m */,
				189C897116F173E00081103B /* SBJson.h */,
				189C897216F173E00081103B /* SBJsonParser.h */,
				189C897316F173E00081103B /* SBJsonParser.m */,
				189C897416F173E00081103B /* SBJsonStreamParser.h */,
				189C897516F173E00081103B /* SBJsonStreamParser.m */,
				189C897616F173E00081103B /* SBJsonStreamParserAccumulator.h */,
				189C897716F173E00081103B /* SBJsonStreamParserAccumulator.m */,
				189C897816F173E00081103B /* SBJsonStreamParserAdapter.h */,
				189C897916F173E00081103B /* SBJsonStreamParserAdapter.m */,
				189C897A16F173E00081103B /* SBJsonStreamParserState.h */,
				189C897B16F173E00081103B /* SBJsonStreamParserState.m */,
				189C897C16F173E00081103B /* SBJsonStreamWriter.h */,
				189C897D16F173E00081103B /* SBJsonStreamWriter.m */,
				189C897E16F173E00081103B /* SBJsonStreamWriterAccumulator.h */,
				189C897F16F173E00081103B /* SBJsonStreamWriterAccumulator.m */,
				189C898016F173E00081103B /* SBJsonStreamWriterState.h */,
				189C898116F173E00081103B /* SBJsonStreamWriterState.m */,
				189C898216F173E00081103B /* SBJsonTokeniser.h */,
				189C898316F173E00081103B /* SBJsonTokeniser.m */,
				189C898416F173E00081103B /* SBJsonUTF8Stream.h */,
				189C898516F173E00081103B /* SBJsonUTF8Stream.m */,
				189C898616F173E00081103B /* SBJsonWriter.h */,
				189C898716F173E00081103B /* SBJsonWriter.m */,
			);
			path = SBJson;
			sourceTree = "<group>";
		};
		189C89A016F1B08D0081103B /* pictures */ = {
			isa = PBXGroup;
			children = (
				189C89A116F1B08D0081103B /* 1_1.png */,
				189C89A216F1B08D0081103B /* 1_2.png */,
				189C89A316F1B08D0081103B /* 1_3.png */,
				189C89A416F1B08D0081103B /* 1_4.png */,
				189C89A516F1B08D0081103B /* 5_1.png */,
				189C89A616F1B08D0081103B /* 5_2.png */,
				189C89A716F1B08D0081103B /* 5_3.png */,
				189C89A816F1B08D0081103B /* 5_4.png */,
			);
			path = pictures;
			sourceTree = "<group>";
		};
		18DF06E116EF5EDC0049B1B6 = {
			isa = PBXGroup;
			children = (
				18DF06F316EF5EDC0049B1B6 /* wordAssociation */,
				18DF071D16EF5EDD0049B1B6 /* wordAssociationTests */,
				18DF06EC16EF5EDC0049B1B6 /* Frameworks */,
				18DF06EB16EF5EDC0049B1B6 /* Products */,
			);
			sourceTree = "<group>";
		};
		18DF06EB16EF5EDC0049B1B6 /* Products */ = {
			isa = PBXGroup;
			children = (
				18DF06EA16EF5EDC0049B1B6 /* wordAssociation.app */,
				18DF071616EF5EDD0049B1B6 /* wordAssociationTests.octest */,
			);
			name = Products;
			sourceTree = "<group>";
		};
		18DF06EC16EF5EDC0049B1B6 /* Frameworks */ = {
			isa = PBXGroup;
			children = (
				18DF06ED16EF5EDC0049B1B6 /* UIKit.framework */,
				18DF06EF16EF5EDC0049B1B6 /* Foundation.framework */,
				18DF06F116EF5EDC0049B1B6 /* CoreGraphics.framework */,
				18DF071716EF5EDD0049B1B6 /* SenTestingKit.framework */,
			);
			name = Frameworks;
			sourceTree = "<group>";
		};
		18DF06F316EF5EDC0049B1B6 /* wordAssociation */ = {
			isa = PBXGroup;
			children = (
				189C896D16F173E00081103B /* lib */,
				189C893C16F14B100081103B /* Resources */,
				18DF06FC16EF5EDC0049B1B6 /* WAAppDelegate.h */,
				18DF06FD16EF5EDC0049B1B6 /* WAAppDelegate.m */,
				18DF072E16EF5F8E0049B1B6 /* HomeViewController.h */,
				18DF072F16EF5F8E0049B1B6 /* HomeViewController.m */,
				18DF073116EF61300049B1B6 /* GameViewController.h */,
				18DF073216EF61300049B1B6 /* GameViewController.m */,
				18DF06F416EF5EDC0049B1B6 /* Supporting Files */,
			);
			path = wordAssociation;
			sourceTree = "<group>";
		};
		18DF06F416EF5EDC0049B1B6 /* Supporting Files */ = {
			isa = PBXGroup;
			children = (
				18DF06F516EF5EDC0049B1B6 /* wordAssociation-Info.plist */,
				18DF06F616EF5EDC0049B1B6 /* InfoPlist.strings */,
				18DF06F916EF5EDC0049B1B6 /* main.m */,
				18DF06FB16EF5EDC0049B1B6 /* wordAssociation-Prefix.pch */,
				18DF06FF16EF5EDC0049B1B6 /* Default.png */,
				18DF070116EF5EDC0049B1B6 /* Default@2x.png */,
				18DF070316EF5EDC0049B1B6 /* Default-568h@2x.png */,
			);
			name = "Supporting Files";
			sourceTree = "<group>";
		};
		18DF071D16EF5EDD0049B1B6 /* wordAssociationTests */ = {
			isa = PBXGroup;
			children = (
				18DF072316EF5EDD0049B1B6 /* wordAssociationTests.h */,
				18DF072416EF5EDD0049B1B6 /* wordAssociationTests.m */,
				18DF071E16EF5EDD0049B1B6 /* Supporting Files */,
			);
			path = wordAssociationTests;
			sourceTree = "<group>";
		};
		18DF071E16EF5EDD0049B1B6 /* Supporting Files */ = {
			isa = PBXGroup;
			children = (
				18DF071F16EF5EDD0049B1B6 /* wordAssociationTests-Info.plist */,
				18DF072016EF5EDD0049B1B6 /* InfoPlist.strings */,
			);
			name = "Supporting Files";
			sourceTree = "<group>";
		};
/* End PBXGroup section */

/* Begin PBXNativeTarget section */
		18DF06E916EF5EDC0049B1B6 /* wordAssociation */ = {
			isa = PBXNativeTarget;
			buildConfigurationList = 18DF072816EF5EDD0049B1B6 /* Build configuration list for PBXNativeTarget "wordAssociation" */;
			buildPhases = (
				18DF06E616EF5EDC0049B1B6 /* Sources */,
				18DF06E716EF5EDC0049B1B6 /* Frameworks */,
				18DF06E816EF5EDC0049B1B6 /* Resources */,
			);
			buildRules = (
			);
			dependencies = (
			);
			name = wordAssociation;
			productName = wordAssociation;
			productReference = 18DF06EA16EF5EDC0049B1B6 /* wordAssociation.app */;
			productType = "com.apple.product-type.application";
		};
		18DF071516EF5EDD0049B1B6 /* wordAssociationTests */ = {
			isa = PBXNativeTarget;
			buildConfigurationList = 18DF072B16EF5EDD0049B1B6 /* Build configuration list for PBXNativeTarget "wordAssociationTests" */;
			buildPhases = (
				18DF071116EF5EDD0049B1B6 /* Sources */,
				18DF071216EF5EDD0049B1B6 /* Frameworks */,
				18DF071316EF5EDD0049B1B6 /* Resources */,
				18DF071416EF5EDD0049B1B6 /* ShellScript */,
			);
			buildRules = (
			);
			dependencies = (
				18DF071C16EF5EDD0049B1B6 /* PBXTargetDependency */,
			);
			name = wordAssociationTests;
			productName = wordAssociationTests;
			productReference = 18DF071616EF5EDD0049B1B6 /* wordAssociationTests.octest */;
			productType = "com.apple.product-type.bundle";
		};
/* End PBXNativeTarget section */

/* Begin PBXProject section */
		18DF06E216EF5EDC0049B1B6 /* Project object */ = {
			isa = PBXProject;
			attributes = {
				CLASSPREFIX = WA;
				LastUpgradeCheck = 0460;
				ORGANIZATIONNAME = "Yuya Nambu";
			};
			buildConfigurationList = 18DF06E516EF5EDC0049B1B6 /* Build configuration list for PBXProject "wordAssociation" */;
			compatibilityVersion = "Xcode 3.2";
			developmentRegion = English;
			hasScannedForEncodings = 0;
			knownRegions = (
				en,
			);
			mainGroup = 18DF06E116EF5EDC0049B1B6;
			productRefGroup = 18DF06EB16EF5EDC0049B1B6 /* Products */;
			projectDirPath = "";
			projectRoot = "";
			targets = (
				18DF06E916EF5EDC0049B1B6 /* wordAssociation */,
				18DF071516EF5EDD0049B1B6 /* wordAssociationTests */,
			);
		};
/* End PBXProject section */

/* Begin PBXResourcesBuildPhase section */
		18DF06E816EF5EDC0049B1B6 /* Resources */ = {
			isa = PBXResourcesBuildPhase;
			buildActionMask = 2147483647;
			files = (
				18DF06F816EF5EDC0049B1B6 /* InfoPlist.strings in Resources */,
				18DF070016EF5EDC0049B1B6 /* Default.png in Resources */,
				18DF070216EF5EDC0049B1B6 /* Default@2x.png in Resources */,
				18DF070416EF5EDC0049B1B6 /* Default-568h@2x.png in Resources */,
				189C894916F14B100081103B /* Back_btn.png in Resources */,
				189C894B16F14B100081103B /* badge.png in Resources */,
				189C894D16F14B100081103B /* bar.jpg in Resources */,
				189C894F16F14B100081103B /* bg.jpg in Resources */,
				189C895116F14B100081103B /* hint_Btn.png in Resources */,
				189C895316F14B100081103B /* kesigomu_Btn.png in Resources */,
				189C895516F14B100081103B /* money_Btn.png in Resources */,
				189C895716F14B100081103B /* num_Bg01.png in Resources */,
				189C895916F14B100081103B /* num_Bg02.png in Resources */,
				189C895B16F14B100081103B /* number_bar.png in Resources */,
				189C895D16F14B100081103B /* play_Btn.png in Resources */,
				189C896016F14F2D0081103B /* bar@2x.jpg in Resources */,
				189C896B16F173590081103B /* word.json in Resources */,
				189C89A916F1B08D0081103B /* 1_1.png in Resources */,
				189C89AB16F1B08D0081103B /* 1_2.png in Resources */,
				189C89AD16F1B08D0081103B /* 1_3.png in Resources */,
				189C89AF16F1B08D0081103B /* 1_4.png in Resources */,
				189C89B116F1B08D0081103B /* 5_1.png in Resources */,
				189C89B316F1B08D0081103B /* 5_2.png in Resources */,
				189C89B516F1B08D0081103B /* 5_3.png in Resources */,
				189C89B716F1B08D0081103B /* 5_4.png in Resources */,
			);
			runOnlyForDeploymentPostprocessing = 0;
		};
		18DF071316EF5EDD0049B1B6 /* Resources */ = {
			isa = PBXResourcesBuildPhase;
			buildActionMask = 2147483647;
			files = (
				18DF072216EF5EDD0049B1B6 /* InfoPlist.strings in Resources */,
				189C894A16F14B100081103B /* Back_btn.png in Resources */,
				189C894C16F14B100081103B /* badge.png in Resources */,
				189C894E16F14B100081103B /* bar.jpg in Resources */,
				189C895016F14B100081103B /* bg.jpg in Resources */,
				189C895216F14B100081103B /* hint_Btn.png in Resources */,
				189C895416F14B100081103B /* kesigomu_Btn.png in Resources */,
				189C895616F14B100081103B /* money_Btn.png in Resources */,
				189C895816F14B100081103B /* num_Bg01.png in Resources */,
				189C895A16F14B100081103B /* num_Bg02.png in Resources */,
				189C895C16F14B100081103B /* number_bar.png in Resources */,
				189C895E16F14B100081103B /* play_Btn.png in Resources */,
				189C896116F14F2D0081103B /* bar@2x.jpg in Resources */,
				189C896C16F173590081103B /* word.json in Resources */,
				189C89AA16F1B08D0081103B /* 1_1.png in Resources */,
				189C89AC16F1B08D0081103B /* 1_2.png in Resources */,
				189C89AE16F1B08D0081103B /* 1_3.png in Resources */,
				189C89B016F1B08D0081103B /* 1_4.png in Resources */,
				189C89B216F1B08D0081103B /* 5_1.png in Resources */,
				189C89B416F1B08D0081103B /* 5_2.png in Resources */,
				189C89B616F1B08D0081103B /* 5_3.png in Resources */,
				189C89B816F1B08D0081103B /* 5_4.png in Resources */,
			);
			runOnlyForDeploymentPostprocessing = 0;
		};
/* End PBXResourcesBuildPhase section */

/* Begin PBXShellScriptBuildPhase section */
		18DF071416EF5EDD0049B1B6 /* ShellScript */ = {
			isa = PBXShellScriptBuildPhase;
			buildActionMask = 2147483647;
			files = (
			);
			inputPaths = (
			);
			outputPaths = (
			);
			runOnlyForDeploymentPostprocessing = 0;
			shellPath = /bin/sh;
			shellScript = "# Run the unit tests in this test bundle.\n\"${SYSTEM_DEVELOPER_DIR}/Tools/RunUnitTests\"\n";
		};
/* End PBXShellScriptBuildPhase section */

/* Begin PBXSourcesBuildPhase section */
		18DF06E616EF5EDC0049B1B6 /* Sources */ = {
			isa = PBXSourcesBuildPhase;
			buildActionMask = 2147483647;
			files = (
				18DF06FA16EF5EDC0049B1B6 /* main.m in Sources */,
				18DF06FE16EF5EDC0049B1B6 /* WAAppDelegate.m in Sources */,
				18DF073016EF5F8E0049B1B6 /* HomeViewController.m in Sources */,
				18DF073316EF61300049B1B6 /* GameViewController.m in Sources */,
				189C898816F173E00081103B /* NSObject+SBJson.m in Sources */,
				189C898A16F173E00081103B /* SBJsonParser.m in Sources */,
				189C898C16F173E00081103B /* SBJsonStreamParser.m in Sources */,
				189C898E16F173E00081103B /* SBJsonStreamParserAccumulator.m in Sources */,
				189C899016F173E00081103B /* SBJsonStreamParserAdapter.m in Sources */,
				189C899216F173E00081103B /* SBJsonStreamParserState.m in Sources */,
				189C899416F173E00081103B /* SBJsonStreamWriter.m in Sources */,
				189C899616F173E00081103B /* SBJsonStreamWriterAccumulator.m in Sources */,
				189C899816F173E00081103B /* SBJsonStreamWriterState.m in Sources */,
				189C899A16F173E00081103B /* SBJsonTokeniser.m in Sources */,
				189C899C16F173E00081103B /* SBJsonUTF8Stream.m in Sources */,
				189C899E16F173E00081103B /* SBJsonWriter.m in Sources */,
			);
			runOnlyForDeploymentPostprocessing = 0;
		};
		18DF071116EF5EDD0049B1B6 /* Sources */ = {
			isa = PBXSourcesBuildPhase;
			buildActionMask = 2147483647;
			files = (
				18DF072516EF5EDD0049B1B6 /* wordAssociationTests.m in Sources */,
				189C898916F173E00081103B /* NSObject+SBJson.m in Sources */,
				189C898B16F173E00081103B /* SBJsonParser.m in Sources */,
				189C898D16F173E00081103B /* SBJsonStreamParser.m in Sources */,
				189C898F16F173E00081103B /* SBJsonStreamParserAccumulator.m in Sources */,
				189C899116F173E00081103B /* SBJsonStreamParserAdapter.m in Sources */,
				189C899316F173E00081103B /* SBJsonStreamParserState.m in Sources */,
				189C899516F173E00081103B /* SBJsonStreamWriter.m in Sources */,
				189C899716F173E00081103B /* SBJsonStreamWriterAccumulator.m in Sources */,
				189C899916F173E00081103B /* SBJsonStreamWriterState.m in Sources */,
				189C899B16F173E00081103B /* SBJsonTokeniser.m in Sources */,
				189C899D16F173E00081103B /* SBJsonUTF8Stream.m in Sources */,
				189C899F16F173E00081103B /* SBJsonWriter.m in Sources */,
			);
			runOnlyForDeploymentPostprocessing = 0;
		};
/* End PBXSourcesBuildPhase section */

/* Begin PBXTargetDependency section */
		18DF071C16EF5EDD0049B1B6 /* PBXTargetDependency */ = {
			isa = PBXTargetDependency;
			target = 18DF06E916EF5EDC0049B1B6 /* wordAssociation */;
			targetProxy = 18DF071B16EF5EDD0049B1B6 /* PBXContainerItemProxy */;
		};
/* End PBXTargetDependency section */

/* Begin PBXVariantGroup section */
		18DF06F616EF5EDC0049B1B6 /* InfoPlist.strings */ = {
			isa = PBXVariantGroup;
			children = (
				18DF06F716EF5EDC0049B1B6 /* en */,
			);
			name = InfoPlist.strings;
			sourceTree = "<group>";
		};
		18DF072016EF5EDD0049B1B6 /* InfoPlist.strings */ = {
			isa = PBXVariantGroup;
			children = (
				18DF072116EF5EDD0049B1B6 /* en */,
			);
			name = InfoPlist.strings;
			sourceTree = "<group>";
		};
/* End PBXVariantGroup section */

/* Begin XCBuildConfiguration section */
		18DF072616EF5EDD0049B1B6 /* Debug */ = {
			isa = XCBuildConfiguration;
			buildSettings = {
				ALWAYS_SEARCH_USER_PATHS = NO;
				CLANG_CXX_LANGUAGE_STANDARD = "gnu++0x";
				CLANG_CXX_LIBRARY = "libc++";
				CLANG_ENABLE_OBJC_ARC = YES;
				CLANG_WARN_CONSTANT_CONVERSION = YES;
				CLANG_WARN_EMPTY_BODY = YES;
				CLANG_WARN_ENUM_CONVERSION = YES;
				CLANG_WARN_INT_CONVERSION = YES;
				CLANG_WARN__DUPLICATE_METHOD_MATCH = YES;
				"CODE_SIGN_IDENTITY[sdk=iphoneos*]" = "iPhone Developer";
				COPY_PHASE_STRIP = NO;
				GCC_C_LANGUAGE_STANDARD = gnu99;
				GCC_DYNAMIC_NO_PIC = NO;
				GCC_OPTIMIZATION_LEVEL = 0;
				GCC_PREPROCESSOR_DEFINITIONS = (
					"DEBUG=1",
					"$(inherited)",
				);
				GCC_SYMBOLS_PRIVATE_EXTERN = NO;
				GCC_WARN_ABOUT_RETURN_TYPE = YES;
				GCC_WARN_UNINITIALIZED_AUTOS = YES;
				GCC_WARN_UNUSED_VARIABLE = YES;
				IPHONEOS_DEPLOYMENT_TARGET = 6.1;
				ONLY_ACTIVE_ARCH = YES;
				SDKROOT = iphoneos;
			};
			name = Debug;
		};
		18DF072716EF5EDD0049B1B6 /* Release */ = {
			isa = XCBuildConfiguration;
			buildSettings = {
				ALWAYS_SEARCH_USER_PATHS = NO;
				CLANG_CXX_LANGUAGE_STANDARD = "gnu++0x";
				CLANG_CXX_LIBRARY = "libc++";
				CLANG_ENABLE_OBJC_ARC = YES;
				CLANG_WARN_CONSTANT_CONVERSION = YES;
				CLANG_WARN_EMPTY_BODY = YES;
				CLANG_WARN_ENUM_CONVERSION = YES;
				CLANG_WARN_INT_CONVERSION = YES;
				CLANG_WARN__DUPLICATE_METHOD_MATCH = YES;
				"CODE_SIGN_IDENTITY[sdk=iphoneos*]" = "iPhone Developer";
				COPY_PHASE_STRIP = YES;
				GCC_C_LANGUAGE_STANDARD = gnu99;
				GCC_WARN_ABOUT_RETURN_TYPE = YES;
				GCC_WARN_UNINITIALIZED_AUTOS = YES;
				GCC_WARN_UNUSED_VARIABLE = YES;
				IPHONEOS_DEPLOYMENT_TARGET = 6.1;
				OTHER_CFLAGS = "-DNS_BLOCK_ASSERTIONS=1";
				SDKROOT = iphoneos;
				VALIDATE_PRODUCT = YES;
			};
			name = Release;
		};
		18DF072916EF5EDD0049B1B6 /* Debug */ = {
			isa = XCBuildConfiguration;
			buildSettings = {
				"CODE_SIGN_IDENTITY[sdk=iphoneos*]" = "iPhone Developer: Yuya Nambu (Z672L5L4QF)";
				GCC_PRECOMPILE_PREFIX_HEADER = YES;
				GCC_PREFIX_HEADER = "wordAssociation/wordAssociation-Prefix.pch";
				INFOPLIST_FILE = "wordAssociation/wordAssociation-Info.plist";
				PRODUCT_NAME = "$(TARGET_NAME)";
				"PROVISIONING_PROFILE[sdk=iphoneos*]" = "AFAEBA61-439D-466E-9764-40CADF85874E";
				WRAPPER_EXTENSION = app;
			};
			name = Debug;
		};
		18DF072A16EF5EDD0049B1B6 /* Release */ = {
			isa = XCBuildConfiguration;
			buildSettings = {
				GCC_PRECOMPILE_PREFIX_HEADER = YES;
				GCC_PREFIX_HEADER = "wordAssociation/wordAssociation-Prefix.pch";
				INFOPLIST_FILE = "wordAssociation/wordAssociation-Info.plist";
				PRODUCT_NAME = "$(TARGET_NAME)";
				WRAPPER_EXTENSION = app;
			};
			name = Release;
		};
		18DF072C16EF5EDD0049B1B6 /* Debug */ = {
			isa = XCBuildConfiguration;
			buildSettings = {
				BUNDLE_LOADER = "$(BUILT_PRODUCTS_DIR)/wordAssociation.app/wordAssociation";
				FRAMEWORK_SEARCH_PATHS = (
					"\"$(SDKROOT)/Developer/Library/Frameworks\"",
					"\"$(DEVELOPER_LIBRARY_DIR)/Frameworks\"",
				);
				GCC_PRECOMPILE_PREFIX_HEADER = YES;
				GCC_PREFIX_HEADER = "wordAssociation/wordAssociation-Prefix.pch";
				INFOPLIST_FILE = "wordAssociationTests/wordAssociationTests-Info.plist";
				PRODUCT_NAME = "$(TARGET_NAME)";
				TEST_HOST = "$(BUNDLE_LOADER)";
				WRAPPER_EXTENSION = octest;
			};
			name = Debug;
		};
		18DF072D16EF5EDD0049B1B6 /* Release */ = {
			isa = XCBuildConfiguration;
			buildSettings = {
				BUNDLE_LOADER = "$(BUILT_PRODUCTS_DIR)/wordAssociation.app/wordAssociation";
				FRAMEWORK_SEARCH_PATHS = (
					"\"$(SDKROOT)/Developer/Library/Frameworks\"",
					"\"$(DEVELOPER_LIBRARY_DIR)/Frameworks\"",
				);
				GCC_PRECOMPILE_PREFIX_HEADER = YES;
				GCC_PREFIX_HEADER = "wordAssociation/wordAssociation-Prefix.pch";
				INFOPLIST_FILE = "wordAssociationTests/wordAssociationTests-Info.plist";
				PRODUCT_NAME = "$(TARGET_NAME)";
				TEST_HOST = "$(BUNDLE_LOADER)";
				WRAPPER_EXTENSION = octest;
			};
			name = Release;
		};
/* End XCBuildConfiguration section */

/* Begin XCConfigurationList section */
		18DF06E516EF5EDC0049B1B6 /* Build configuration list for PBXProject "wordAssociation" */ = {
			isa = XCConfigurationList;
			buildConfigurations = (
				18DF072616EF5EDD0049B1B6 /* Debug */,
				18DF072716EF5EDD0049B1B6 /* Release */,
			);
			defaultConfigurationIsVisible = 0;
			defaultConfigurationName = Release;
		};
		18DF072816EF5EDD0049B1B6 /* Build configuration list for PBXNativeTarget "wordAssociation" */ = {
			isa = XCConfigurationList;
			buildConfigurations = (
				18DF072916EF5EDD0049B1B6 /* Debug */,
				18DF072A16EF5EDD0049B1B6 /* Release */,
			);
			defaultConfigurationIsVisible = 0;
			defaultConfigurationName = Release;
		};
		18DF072B16EF5EDD0049B1B6 /* Build configuration list for PBXNativeTarget "wordAssociationTests" */ = {
			isa = XCConfigurationList;
			buildConfigurations = (
				18DF072C16EF5EDD0049B1B6 /* Debug */,
				18DF072D16EF5EDD0049B1B6 /* Release */,
			);
			defaultConfigurationIsVisible = 0;
			defaultConfigurationName = Release;
		};
/* End XCConfigurationList section */
	};
	rootObject = 18DF06E216EF5EDC0049B1B6 /* Project object */;
}
